
Microsoft Visual Studio Solution File, Format Version 12.00
# Visual Studio Version 16
VisualStudioVersion = 25.0.1705.4
MinimumVisualStudioVersion = 10.0.40219.1
Project("{FAE04EC0-301F-11D3-BF4B-00C04F79EFBC}") = "UserHubAPI", "UserHubAPI.csproj", "{1EAFA6A9-3233-4E27-9203-4CAC09FF4B65}"
EndProject
Global
	GlobalSection(SolutionConfigurationPlatforms) = preSolution
		Debug|Any CPU = Debug|Any CPU
		Release|Any CPU = Release|Any CPU
	EndGlobalSection
	GlobalSection(ProjectConfigurationPlatforms) = postSolution
		{1EAFA6A9-3233-4E27-9203-4CAC09FF4B65}.Debug|Any CPU.ActiveCfg = Debug|Any CPU
		{1EAFA6A9-3233-4E27-9203-4CAC09FF4B65}.Debug|Any CPU.Build.0 = Debug|Any CPU
		{1EAFA6A9-3233-4E27-9203-4CAC09FF4B65}.Release|Any CPU.ActiveCfg = Release|Any CPU
		{1EAFA6A9-3233-4E27-9203-4CAC09FF4B65}.Release|Any CPU.Build.0 = Release|Any CPU
	EndGlobalSection
	GlobalSection(SolutionProperties) = preSolution
		HideSolutionNode = FALSE
	EndGlobalSection
	GlobalSection(ExtensibilityGlobals) = postSolution
		SolutionGuid = {C28F8888-B8C3-4F1D-80AF-A7E355560EAC}
	EndGlobalSection
EndGlobal
